Microsoft Visual Studio Solution File, Format Version 12.00
# Visual Studio Version 17
VisualStudioVersion = 17.5.2.0
MinimumVisualStudioVersion = 10.0.40219.1
Project("{FAE04EC0-301F-11D3-BF4B-00C04F79EFBC}") = "PipelineByGithubAction", "PipelineByGithubAction.csproj", "{746586A4-71B9-545B-FF08-BD3459A74572}"
EndProject
Global
	GlobalSection(SolutionConfigurationPlatforms) = preSolution
		Debug|Any CPU = Debug|Any CPU
		Release|Any CPU = Release|Any CPU
	EndGlobalSection
	GlobalSection(ProjectConfigurationPlatforms) = postSolution
		{746586A4-71B9-545B-FF08-BD3459A74572}.Debug|Any CPU.ActiveCfg = Debug|Any CPU
		{746586A4-71B9-545B-FF08-BD3459A74572}.Debug|Any CPU.Build.0 = Debug|Any CPU
		{746586A4-71B9-545B-FF08-BD3459A74572}.Release|Any CPU.ActiveCfg = Release|Any CPU
		{746586A4-71B9-545B-FF08-BD3459A74572}.Release|Any CPU.Build.0 = Release|Any CPU
	EndGlobalSection
	GlobalSection(SolutionProperties) = preSolution
		HideSolutionNode = FALSE
	EndGlobalSection
	GlobalSection(ExtensibilityGlobals) = postSolution
		SolutionGuid = {3071D54D-0C69-4089-88D8-07841E9F54E6}
	EndGlobalSection
EndGlobal
